
Microsoft Visual Studio Solution File, Format Version 12.00
# Visual Studio Version 17
VisualStudioVersion = 17.11.35327.3
MinimumVisualStudioVersion = 10.0.40219.1
Project("{9A19103F-16F7-4668-BE54-9A1E7A4F7556}") = "OnboardYK", "OnboardYK\OnboardYK.csproj", "{7782748D-E3AE-40CD-8CBA-F47CBF4B570B}"
EndProject
Project("{54435603-DBB4-11D2-8724-00A0C9A8B90C}") = "Setup", "Setup\Setup.vdproj", "{172BA060-15F5-4857-B7B8-2EB7565E68DC}"
EndProject
Global
	GlobalSection(SolutionConfigurationPlatforms) = preSolution
		Debug|Any CPU = Debug|Any CPU
		Release|Any CPU = Release|Any CPU
	EndGlobalSection
	GlobalSection(ProjectConfigurationPlatforms) = postSolution
		{7782748D-E3AE-40CD-8CBA-F47CBF4B570B}.Debug|Any CPU.ActiveCfg = Debug|Any CPU
		{7782748D-E3AE-40CD-8CBA-F47CBF4B570B}.Debug|Any CPU.Build.0 = Debug|Any CPU
		{7782748D-E3AE-40CD-8CBA-F47CBF4B570B}.Release|Any CPU.ActiveCfg = Release|Any CPU
		{7782748D-E3AE-40CD-8CBA-F47CBF4B570B}.Release|Any CPU.Build.0 = Release|Any CPU
		{172BA060-15F5-4857-B7B8-2EB7565E68DC}.Debug|Any CPU.ActiveCfg = Debug
		{172BA060-15F5-4857-B7B8-2EB7565E68DC}.Release|Any CPU.ActiveCfg = Release
	EndGlobalSection
	GlobalSection(SolutionProperties) = preSolution
		HideSolutionNode = FALSE
	EndGlobalSection
	GlobalSection(ExtensibilityGlobals) = postSolution
		SolutionGuid = {572BF337-8FA2-4AED-BBA0-96CBBCFBF29F}
	EndGlobalSection
EndGlobal
